// !$*UTF8*$!
{
	archiveVersion = 1;
	classes = {
	};
	objectVersion = 48;
	objects = {

/* Begin PBXBuildFile section */
		77CC0A241FC8F7310062DBE6 /* TopTableViewCell.swift in Sources */ = {isa = PBXBuildFile; fileRef = 77CC0A231FC8F7310062DBE6 /* TopTableViewCell.swift */; };
		77EC55B51FC7C65400ED5C01 /* AppDelegate.swift in Sources */ = {isa = PBXBuildFile; fileRef = 77EC55B41FC7C65400ED5C01 /* AppDelegate.swift */; };
		77EC55BA1FC7C65400ED5C01 /* Main.storyboard in Resources */ = {isa = PBXBuildFile; fileRef = 77EC55B81FC7C65400ED5C01 /* Main.storyboard */; };
		77EC55BC1FC7C65400ED5C01 /* Assets.xcassets in Resources */ = {isa = PBXBuildFile; fileRef = 77EC55BB1FC7C65400ED5C01 /* Assets.xcassets */; };
		77EC55BF1FC7C65400ED5C01 /* LaunchScreen.storyboard in Resources */ = {isa = PBXBuildFile; fileRef = 77EC55BD1FC7C65400ED5C01 /* LaunchScreen.storyboard */; };
		77EC55CA1FC7C77C00ED5C01 /* FriendsModel.swift in Sources */ = {isa = PBXBuildFile; fileRef = 77EC55C81FC7C77C00ED5C01 /* FriendsModel.swift */; };
		77EC55CB1FC7C77C00ED5C01 /* BigGroupsModel.swift in Sources */ = {isa = PBXBuildFile; fileRef = 77EC55C91FC7C77C00ED5C01 /* BigGroupsModel.swift */; };
		77EC55CD1FC7C79200ED5C01 /* JobSummaryController.swift in Sources */ = {isa = PBXBuildFile; fileRef = 77EC55CC1FC7C79100ED5C01 /* JobSummaryController.swift */; };
		77EC55CF1FC7C7D300ED5C01 /* GroupHeaderView.swift in Sources */ = {isa = PBXBuildFile; fileRef = 77EC55CE1FC7C7D300ED5C01 /* GroupHeaderView.swift */; };
		77EC55D21FC7C80E00ED5C01 /* demo.json in Resources */ = {isa = PBXBuildFile; fileRef = 77EC55D11FC7C80E00ED5C01 /* demo.json */; };
/* End PBXBuildFile section */

/* Begin PBXFileReference section */
		77CC0A231FC8F7310062DBE6 /* TopTableViewCell.swift */ = {isa = PBXFileReference; lastKnownFileType = sourcecode.swift; path = TopTableViewCell.swift; sourceTree = "<group>"; };
		77EC55B11FC7C65400ED5C01 /* 每日优鲜.app */ = {isa = PBXFileReference; explicitFileType = wrapper.application; includeInIndex = 0; path = "每日优鲜.app"; sourceTree = BUILT_PRODUCTS_DIR; };
		77EC55B41FC7C65400ED5C01 /* AppDelegate.swift */ = {isa = PBXFileReference; lastKnownFileType = sourcecode.swift; path = AppDelegate.swift; sourceTree = "<group>"; };
		77EC55B91FC7C65400ED5C01 /* Base */ = {isa = PBXFileReference; lastKnownFileType = file.storyboard; name = Base; path = Base.lproj/Main.storyboard; sourceTree = "<group>"; };
		77EC55BB1FC7C65400ED5C01 /* Assets.xcassets */ = {isa = PBXFileReference; lastKnownFileType = folder.assetcatalog; path = Assets.xcassets; sourceTree = "<group>"; };
		77EC55BE1FC7C65400ED5C01 /* Base */ = {isa = PBXFileReference; lastKnownFileType = file.storyboard; name = Base; path = Base.lproj/LaunchScreen.storyboard; sourceTree = "<group>"; };
		77EC55C01FC7C65400ED5C01 /* Info.plist */ = {isa = PBXFileReference; lastKnownFileType = text.plist.xml; path = Info.plist; sourceTree = "<group>"; };
		77EC55C81FC7C77C00ED5C01 /* FriendsModel.swift */ = {isa = PBXFileReference; fileEncoding = 4; lastKnownFileType = sourcecode.swift; path = FriendsModel.swift; sourceTree = "<group>"; };
		77EC55C91FC7C77C00ED5C01 /* BigGroupsModel.swift */ = {isa = PBXFileReference; fileEncoding = 4; lastKnownFileType = sourcecode.swift; path = BigGroupsModel.swift; sourceTree = "<group>"; };
		77EC55CC1FC7C79100ED5C01 /* JobSummaryController.swift */ = {isa = PBXFileReference; fileEncoding = 4; lastKnownFileType = sourcecode.swift; path = JobSummaryController.swift; sourceTree = "<group>"; };
		77EC55CE1FC7C7D300ED5C01 /* GroupHeaderView.swift */ = {isa = PBXFileReference; fileEncoding = 4; lastKnownFileType = sourcecode.swift; path = GroupHeaderView.swift; sourceTree = "<group>"; };
		77EC55D11FC7C80E00ED5C01 /* demo.json */ = {isa = PBXFileReference; lastKnownFileType = text.json; path = demo.json; sourceTree = "<group>"; };
/* End PBXFileReference section */

/* Begin PBXFrameworksBuildPhase section */
		77EC55AE1FC7C65400ED5C01 /* Frameworks */ = {
			isa = PBXFrameworksBuildPhase;
			buildActionMask = 2147483647;
			files = (
			);
			runOnlyForDeploymentPostprocessing = 0;
		};
/* End PBXFrameworksBuildPhase section */

/* Begin PBXGroup section */
		77EC55A81FC7C65400ED5C01 = {
			isa = PBXGroup;
			children = (
				77EC55B31FC7C65400ED5C01 /* 每日优鲜 */,
				77EC55B21FC7C65400ED5C01 /* Products */,
			);
			sourceTree = "<group>";
		};
		77EC55B21FC7C65400ED5C01 /* Products */ = {
			isa = PBXGroup;
			children = (
				77EC55B11FC7C65400ED5C01 /* 每日优鲜.app */,
			);
			name = Products;
			sourceTree = "<group>";
		};
		77EC55B31FC7C65400ED5C01 /* 每日优鲜 */ = {
			isa = PBXGroup;
			children = (
				77EC55B41FC7C65400ED5C01 /* AppDelegate.swift */,
				77EC55D11FC7C80E00ED5C01 /* demo.json */,
				77EC55CC1FC7C79100ED5C01 /* JobSummaryController.swift */,
				77EC55C91FC7C77C00ED5C01 /* BigGroupsModel.swift */,
				77EC55C81FC7C77C00ED5C01 /* FriendsModel.swift */,
				77EC55CE1FC7C7D300ED5C01 /* GroupHeaderView.swift */,
				77CC0A231FC8F7310062DBE6 /* TopTableViewCell.swift */,
				77EC55B81FC7C65400ED5C01 /* Main.storyboard */,
				77EC55BB1FC7C65400ED5C01 /* Assets.xcassets */,
				77EC55BD1FC7C65400ED5C01 /* LaunchScreen.storyboard */,
				77EC55C01FC7C65400ED5C01 /* Info.plist */,
			);
			path = "每日优鲜";
			sourceTree = "<group>";
		};
/* End PBXGroup section */

/* Begin PBXNativeTarget section */
		77EC55B01FC7C65400ED5C01 /* 每日优鲜 */ = {
			isa = PBXNativeTarget;
			buildConfigurationList = 77EC55C31FC7C65400ED5C01 /* Build configuration list for PBXNativeTarget "每日优鲜" */;
			buildPhases = (
				77EC55AD1FC7C65400ED5C01 /* Sources */,
				77EC55AE1FC7C65400ED5C01 /* Frameworks */,
				77EC55AF1FC7C65400ED5C01 /* Resources */,
			);
			buildRules = (
			);
			dependencies = (
			);
			name = "每日优鲜";
			productName = "每日优鲜";
			productReference = 77EC55B11FC7C65400ED5C01 /* 每日优鲜.app */;
			productType = "com.apple.product-type.application";
		};
/* End PBXNativeTarget section */

/* Begin PBXProject section */
		77EC55A91FC7C65400ED5C01 /* Project object */ = {
			isa = PBXProject;
			attributes = {
				LastSwiftUpdateCheck = 0910;
				LastUpgradeCheck = 0910;
				ORGANIZATIONNAME = mengxuanlong;
				TargetAttributes = {
					77EC55B01FC7C65400ED5C01 = {
						CreatedOnToolsVersion = 9.1;
						ProvisioningStyle = Automatic;
					};
				};
			};
			buildConfigurationList = 77EC55AC1FC7C65400ED5C01 /* Build configuration list for PBXProject "每日优鲜" */;
			compatibilityVersion = "Xcode 8.0";
			developmentRegion = en;
			hasScannedForEncodings = 0;
			knownRegions = (
				en,
				Base,
			);
			mainGroup = 77EC55A81FC7C65400ED5C01;
			productRefGroup = 77EC55B21FC7C65400ED5C01 /* Products */;
			projectDirPath = "";
			projectRoot = "";
			targets = (
				77EC55B01FC7C65400ED5C01 /* 每日优鲜 */,
			);
		};
/* End PBXProject section */

/* Begin PBXResourcesBuildPhase section */
		77EC55AF1FC7C65400ED5C01 /* Resources */ = {
			isa = PBXResourcesBuildPhase;
			buildActionMask = 2147483647;
			files = (
				77EC55BF1FC7C65400ED5C01 /* LaunchScreen.storyboard in Resources */,
				77EC55BC1FC7C65400ED5C01 /* Assets.xcassets in Resources */,
				77EC55D21FC7C80E00ED5C01 /* demo.json in Resources */,
				77EC55BA1FC7C65400ED5C01 /* Main.storyboard in Resources */,
			);
			runOnlyForDeploymentPostprocessing = 0;
		};
/* End PBXResourcesBuildPhase section */

/* Begin PBXSourcesBuildPhase section */
		77EC55AD1FC7C65400ED5C01 /* Sources */ = {
			isa = PBXSourcesBuildPhase;
			buildActionMask = 2147483647;
			files = (
				77EC55CA1FC7C77C00ED5C01 /* FriendsModel.swift in Sources */,
				77EC55CF1FC7C7D300ED5C01 /* GroupHeaderView.swift in Sources */,
				77EC55CB1FC7C77C00ED5C01 /* BigGroupsModel.swift in Sources */,
				77EC55CD1FC7C79200ED5C01 /* JobSummaryController.swift in Sources */,
				77EC55B51FC7C65400ED5C01 /* AppDelegate.swift in Sources */,
				77CC0A241FC8F7310062DBE6 /* TopTableViewCell.swift in Sources */,
			);
			runOnlyForDeploymentPostprocessing = 0;
		};
/* End PBXSourcesBuildPhase section */

/* Begin PBXVariantGroup section */
		77EC55B81FC7C65400ED5C01 /* Main.storyboard */ = {
			isa = PBXVariantGroup;
			children = (
				77EC55B91FC7C65400ED5C01 /* Base */,
			);
			name = Main.storyboard;
			sourceTree = "<group>";
		};
		77EC55BD1FC7C65400ED5C01 /* LaunchScreen.storyboard */ = {
			isa = PBXVariantGroup;
			children = (
				77EC55BE1FC7C65400ED5C01 /* Base */,
			);
			name = LaunchScreen.storyboard;
			sourceTree = "<group>";
		};
/* End PBXVariantGroup section */

/* Begin XCBuildConfiguration section */
		77EC55C11FC7C65400ED5C01 /* Debug */ = {
			isa = XCBuildConfiguration;
			buildSettings = {
				ALWAYS_SEARCH_USER_PATHS = NO;
				CLANG_ANALYZER_NONNULL = YES;
				CLANG_ANALYZER_NUMBER_OBJECT_CONVERSION = YES_AGGRESSIVE;
				CLANG_CXX_LANGUAGE_STANDARD = "gnu++14";
				CLANG_CXX_LIBRARY = "libc++";
				CLANG_ENABLE_MODULES = YES;
				CLANG_ENABLE_OBJC_ARC = YES;
				CLANG_WARN_BLOCK_CAPTURE_AUTORELEASING = YES;
				CLANG_WARN_BOOL_CONVERSION = YES;
				CLANG_WARN_COMMA = YES;
				CLANG_WARN_CONSTANT_CONVERSION = YES;
				CLANG_WARN_DIRECT_OBJC_ISA_USAGE = YES_ERROR;
				CLANG_WARN_DOCUMENTATION_COMMENTS = YES;
				CLANG_WARN_EMPTY_BODY = YES;
				CLANG_WARN_ENUM_CONVERSION = YES;
				CLANG_WARN_INFINITE_RECURSION = YES;
				CLANG_WARN_INT_CONVERSION = YES;
				CLANG_WARN_NON_LITERAL_NULL_CONVERSION = YES;
				CLANG_WARN_OBJC_LITERAL_CONVERSION = YES;
				CLANG_WARN_OBJC_ROOT_CLASS = YES_ERROR;
				CLANG_WARN_RANGE_LOOP_ANALYSIS = YES;
				CLANG_WARN_STRICT_PROTOTYPES = YES;
				CLANG_WARN_SUSPICIOUS_MOVE = YES;
				CLANG_WARN_UNGUARDED_AVAILABILITY = YES_AGGRESSIVE;
				CLANG_WARN_UNREACHABLE_CODE = YES;
				CLANG_WARN__DUPLICATE_METHOD_MATCH = YES;
				CODE_SIGN_IDENTITY = "iPhone Developer";
				COPY_PHASE_STRIP = NO;
				DEBUG_INFORMATION_FORMAT = dwarf;
				ENABLE_STRICT_OBJC_MSGSEND = YES;
				ENABLE_TESTABILITY = YES;
				GCC_C_LANGUAGE_STANDARD = gnu11;
				GCC_DYNAMIC_NO_PIC = NO;
				GCC_NO_COMMON_BLOCKS = YES;
				GCC_OPTIMIZATION_LEVEL = 0;
				GCC_PREPROCESSOR_DEFINITIONS = (
					"DEBUG=1",
					"$(inherited)",
				);
				GCC_WARN_64_TO_32_BIT_CONVERSION = YES;
				GCC_WARN_ABOUT_RETURN_TYPE = YES_ERROR;
				GCC_WARN_UNDECLARED_SELECTOR = YES;
				GCC_WARN_UNINITIALIZED_AUTOS = YES_AGGRESSIVE;
				GCC_WARN_UNUSED_FUNCTION = YES;
				GCC_WARN_UNUSED_VARIABLE = YES;
				IPHONEOS_DEPLOYMENT_TARGET = 11.1;
				MTL_ENABLE_DEBUG_INFO = YES;
				ONLY_ACTIVE_ARCH = YES;
				SDKROOT = iphoneos;
				SWIFT_ACTIVE_COMPILATION_CONDITIONS = DEBUG;
				SWIFT_OPTIMIZATION_LEVEL = "-Onone";
			};
			name = Debug;
		};
		77EC55C21FC7C65400ED5C01 /* Release */ = {
			isa = XCBuildConfiguration;
			buildSettings = {
				ALWAYS_SEARCH_USER_PATHS = NO;
				CLANG_ANALYZER_NONNULL = YES;
				CLANG_ANALYZER_NUMBER_OBJECT_CONVERSION = YES_AGGRESSIVE;
				CLANG_CXX_LANGUAGE_STANDARD = "gnu++14";
				CLANG_CXX_LIBRARY = "libc++";
				CLANG_ENABLE_MODULES = YES;
				CLANG_ENABLE_OBJC_ARC = YES;
				CLANG_WARN_BLOCK_CAPTURE_AUTORELEASING = YES;
				CLANG_WARN_BOOL_CONVERSION = YES;
				CLANG_WARN_COMMA = YES;
				CLANG_WARN_CONSTANT_CONVERSION = YES;
				CLANG_WARN_DIRECT_OBJC_ISA_USAGE = YES_ERROR;
				CLANG_WARN_DOCUMENTATION_COMMENTS = YES;
				CLANG_WARN_EMPTY_BODY = YES;
				CLANG_WARN_ENUM_CONVERSION = YES;
				CLANG_WARN_INFINITE_RECURSION = YES;
				CLANG_WARN_INT_CONVERSION = YES;
				CLANG_WARN_NON_LITERAL_NULL_CONVERSION = YES;
				CLANG_WARN_OBJC_LITERAL_CONVERSION = YES;
				CLANG_WARN_OBJC_ROOT_CLASS = YES_ERROR;
				CLANG_WARN_RANGE_LOOP_ANALYSIS = YES;
				CLANG_WARN_STRICT_PROTOTYPES = YES;
				CLANG_WARN_SUSPICIOUS_MOVE = YES;
				CLANG_WARN_UNGUARDED_AVAILABILITY = YES_AGGRESSIVE;
				CLANG_WARN_UNREACHABLE_CODE = YES;
				CLANG_WARN__DUPLICATE_METHOD_MATCH = YES;
				CODE_SIGN_IDENTITY = "iPhone Developer";
				COPY_PHASE_STRIP = NO;
				DEBUG_INFORMATION_FORMAT = "dwarf-with-dsym";
				ENABLE_NS_ASSERTIONS = NO;
				ENABLE_STRICT_OBJC_MSGSEND = YES;
				GCC_C_LANGUAGE_STANDARD = gnu11;
				GCC_NO_COMMON_BLOCKS = YES;
				GCC_WARN_64_TO_32_BIT_CONVERSION = YES;
				GCC_WARN_ABOUT_RETURN_TYPE = YES_ERROR;
				GCC_WARN_UNDECLARED_SELECTOR = YES;
				GCC_WARN_UNINITIALIZED_AUTOS = YES_AGGRESSIVE;
				GCC_WARN_UNUSED_FUNCTION = YES;
				GCC_WARN_UNUSED_VARIABLE = YES;
				IPHONEOS_DEPLOYMENT_TARGET = 11.1;
				MTL_ENABLE_DEBUG_INFO = NO;
				SDKROOT = iphoneos;
				SWIFT_OPTIMIZATION_LEVEL = "-Owholemodule";
				VALIDATE_PRODUCT = YES;
			};
			name = Release;
		};
		77EC55C41FC7C65400ED5C01 /* Debug */ = {
			isa = XCBuildConfiguration;
			buildSettings = {
				ASSETCATALOG_COMPILER_APPICON_NAME = AppIcon;
				CODE_SIGN_STYLE = Automatic;
				DEVELOPMENT_TEAM = Q99K62V967;
				INFOPLIST_FILE = "每日优鲜/Info.plist";
				IPHONEOS_DEPLOYMENT_TARGET = 10.1;
				LD_RUNPATH_SEARCH_PATHS = "$(inherited) @executable_path/Frameworks";
				PRODUCT_BUNDLE_IDENTIFIER = "com.mengmeng.----";
				PRODUCT_NAME = "$(TARGET_NAME)";
				SWIFT_VERSION = 4.0;
				TARGETED_DEVICE_FAMILY = 1;
			};
			name = Debug;
		};
		77EC55C51FC7C65400ED5C01 /* Release */ = {
			isa = XCBuildConfiguration;
			buildSettings = {
				ASSETCATALOG_COMPILER_APPICON_NAME = AppIcon;
				CODE_SIGN_STYLE = Automatic;
				DEVELOPMENT_TEAM = Q99K62V967;
				INFOPLIST_FILE = "每日优鲜/Info.plist";
				IPHONEOS_DEPLOYMENT_TARGET = 10.1;
				LD_RUNPATH_SEARCH_PATHS = "$(inherited) @executable_path/Frameworks";
				PRODUCT_BUNDLE_IDENTIFIER = "com.mengmeng.----";
				PRODUCT_NAME = "$(TARGET_NAME)";
				SWIFT_VERSION = 4.0;
				TARGETED_DEVICE_FAMILY = 1;
			};
			name = Release;
		};
/* End XCBuildConfiguration section */

/* Begin XCConfigurationList section */
		77EC55AC1FC7C65400ED5C01 /* Build configuration list for PBXProject "每日优鲜" */ = {
			isa = XCConfigurationList;
			buildConfigurations = (
				77EC55C11FC7C65400ED5C01 /* Debug */,
				77EC55C21FC7C65400ED5C01 /* Release */,
			);
			defaultConfigurationIsVisible = 0;
			defaultConfigurationName = Release;
		};
		77EC55C31FC7C65400ED5C01 /* Build configuration list for PBXNativeTarget "每日优鲜" */ = {
			isa = XCConfigurationList;
			buildConfigurations = (
				77EC55C41FC7C65400ED5C01 /* Debug */,
				77EC55C51FC7C65400ED5C01 /* Release */,
			);
			defaultConfigurationIsVisible = 0;
			defaultConfigurationName = Release;
		};
/* End XCConfigurationList section */
	};
	rootObject = 77EC55A91FC7C65400ED5C01 /* Project object */;
}
